schema: '2.0'
stages:
  create_model:
    cmd: python code.py --config=params.yaml
    deps:
    - path: Iris_Flower_Dataset.csv
      md5: ca5e72f040c30d6c8ad09f3981aa6adf
      size: 2616
    - path: code.py
      md5: 8f3fbb035dc535cfed845a33295725bd
      size: 2559
    params:
      params.yaml:
        base.random_state: 20
        base.test_size: 0.5
        data_source.local_data_path: Iris_Flower_Dataset.csv
        model.logistic_regression.average: weighted
        model.logistic_regression.fit_intercept: true
        model.logistic_regression.multi_class: ovr
    outs:
    - path: reports/params.json
      md5: 95aa9cc4cd4e55566610894594da4277
      size: 101
    - path: reports/scores.json
      md5: 95269a82ef738c696ff07d7f17c00899
      size: 109
